
Microsoft Visual Studio Solution File, Format Version 12.00
# Visual Studio 15
VisualStudioVersion = 15.0.26124.0
MinimumVisualStudioVersion = 15.0.26124.0
Project("{2150E333-8FDC-42A3-9474-1A3956D46DE8}") = "src", "src", "{C4304F25-5539-420C-BE11-685797B43A02}"
EndProject
Project("{FAE04EC0-301F-11D3-BF4B-00C04F79EFBC}") = "EpouNoMore.CLI", "src\EpouNoMore.CLI\EpouNoMore.CLI.csproj", "{54DBA162-BE17-4DC2-AC99-21914637692D}"
EndProject
Project("{FAE04EC0-301F-11D3-BF4B-00C04F79EFBC}") = "EpouNoMore.Core", "src\EpouNoMore.Core\EpouNoMore.Core.csproj", "{7F370504-7BF1-4B76-B0B0-D6883F817987}"
EndProject
Project("{FAE04EC0-301F-11D3-BF4B-00C04F79EFBC}") = "EpouNoMore.UI.GTK", "src\EpouNoMore.UI.GTK\EpouNoMore.UI.GTK.csproj", "{DC9F21F8-0251-4B92-9779-42B6E54FD8B1}"
EndProject
Project("{2150E333-8FDC-42A3-9474-1A3956D46DE8}") = ".", ".", "{14D0BA8E-768C-4F14-81B5-E6176E593A93}"
ProjectSection(SolutionItems) = preProject
	README.md = README.md
	global.json = global.json
	.editorconfig = .editorconfig
	.gitignore = .gitignore
EndProjectSection
EndProject
Global
	GlobalSection(SolutionConfigurationPlatforms) = preSolution
		Debug|Any CPU = Debug|Any CPU
		Debug|x64 = Debug|x64
		Debug|x86 = Debug|x86
		Release|Any CPU = Release|Any CPU
		Release|x64 = Release|x64
		Release|x86 = Release|x86
	EndGlobalSection
	GlobalSection(SolutionProperties) = preSolution
		HideSolutionNode = FALSE
	EndGlobalSection
	GlobalSection(ProjectConfigurationPlatforms) = postSolution
		{54DBA162-BE17-4DC2-AC99-21914637692D}.Debug|Any CPU.ActiveCfg = Debug|Any CPU
		{54DBA162-BE17-4DC2-AC99-21914637692D}.Debug|Any CPU.Build.0 = Debug|Any CPU
		{54DBA162-BE17-4DC2-AC99-21914637692D}.Debug|x64.ActiveCfg = Debug|Any CPU
		{54DBA162-BE17-4DC2-AC99-21914637692D}.Debug|x64.Build.0 = Debug|Any CPU
		{54DBA162-BE17-4DC2-AC99-21914637692D}.Debug|x86.ActiveCfg = Debug|Any CPU
		{54DBA162-BE17-4DC2-AC99-21914637692D}.Debug|x86.Build.0 = Debug|Any CPU
		{54DBA162-BE17-4DC2-AC99-21914637692D}.Release|Any CPU.ActiveCfg = Release|Any CPU
		{54DBA162-BE17-4DC2-AC99-21914637692D}.Release|Any CPU.Build.0 = Release|Any CPU
		{54DBA162-BE17-4DC2-AC99-21914637692D}.Release|x64.ActiveCfg = Release|Any CPU
		{54DBA162-BE17-4DC2-AC99-21914637692D}.Release|x64.Build.0 = Release|Any CPU
		{54DBA162-BE17-4DC2-AC99-21914637692D}.Release|x86.ActiveCfg = Release|Any CPU
		{54DBA162-BE17-4DC2-AC99-21914637692D}.Release|x86.Build.0 = Release|Any CPU
		{7F370504-7BF1-4B76-B0B0-D6883F817987}.Debug|Any CPU.ActiveCfg = Debug|Any CPU
		{7F370504-7BF1-4B76-B0B0-D6883F817987}.Debug|Any CPU.Build.0 = Debug|Any CPU
		{7F370504-7BF1-4B76-B0B0-D6883F817987}.Debug|x64.ActiveCfg = Debug|Any CPU
		{7F370504-7BF1-4B76-B0B0-D6883F817987}.Debug|x64.Build.0 = Debug|Any CPU
		{7F370504-7BF1-4B76-B0B0-D6883F817987}.Debug|x86.ActiveCfg = Debug|Any CPU
		{7F370504-7BF1-4B76-B0B0-D6883F817987}.Debug|x86.Build.0 = Debug|Any CPU
		{7F370504-7BF1-4B76-B0B0-D6883F817987}.Release|Any CPU.ActiveCfg = Release|Any CPU
		{7F370504-7BF1-4B76-B0B0-D6883F817987}.Release|Any CPU.Build.0 = Release|Any CPU
		{7F370504-7BF1-4B76-B0B0-D6883F817987}.Release|x64.ActiveCfg = Release|Any CPU
		{7F370504-7BF1-4B76-B0B0-D6883F817987}.Release|x64.Build.0 = Release|Any CPU
		{7F370504-7BF1-4B76-B0B0-D6883F817987}.Release|x86.ActiveCfg = Release|Any CPU
		{7F370504-7BF1-4B76-B0B0-D6883F817987}.Release|x86.Build.0 = Release|Any CPU
		{DC9F21F8-0251-4B92-9779-42B6E54FD8B1}.Debug|Any CPU.ActiveCfg = Debug|Any CPU
		{DC9F21F8-0251-4B92-9779-42B6E54FD8B1}.Debug|Any CPU.Build.0 = Debug|Any CPU
		{DC9F21F8-0251-4B92-9779-42B6E54FD8B1}.Debug|x64.ActiveCfg = Debug|Any CPU
		{DC9F21F8-0251-4B92-9779-42B6E54FD8B1}.Debug|x64.Build.0 = Debug|Any CPU
		{DC9F21F8-0251-4B92-9779-42B6E54FD8B1}.Debug|x86.ActiveCfg = Debug|Any CPU
		{DC9F21F8-0251-4B92-9779-42B6E54FD8B1}.Debug|x86.Build.0 = Debug|Any CPU
		{DC9F21F8-0251-4B92-9779-42B6E54FD8B1}.Release|Any CPU.ActiveCfg = Release|Any CPU
		{DC9F21F8-0251-4B92-9779-42B6E54FD8B1}.Release|Any CPU.Build.0 = Release|Any CPU
		{DC9F21F8-0251-4B92-9779-42B6E54FD8B1}.Release|x64.ActiveCfg = Release|Any CPU
		{DC9F21F8-0251-4B92-9779-42B6E54FD8B1}.Release|x64.Build.0 = Release|Any CPU
		{DC9F21F8-0251-4B92-9779-42B6E54FD8B1}.Release|x86.ActiveCfg = Release|Any CPU
		{DC9F21F8-0251-4B92-9779-42B6E54FD8B1}.Release|x86.Build.0 = Release|Any CPU
	EndGlobalSection
	GlobalSection(NestedProjects) = preSolution
		{54DBA162-BE17-4DC2-AC99-21914637692D} = {C4304F25-5539-420C-BE11-685797B43A02}
		{7F370504-7BF1-4B76-B0B0-D6883F817987} = {C4304F25-5539-420C-BE11-685797B43A02}
		{DC9F21F8-0251-4B92-9779-42B6E54FD8B1} = {C4304F25-5539-420C-BE11-685797B43A02}
	EndGlobalSection
EndGlobal
